// !$*UTF8*$!
{
	archiveVersion = 1;
	classes = {
	};
	objectVersion = 55;
	objects = {

/* Begin PBXBuildFile section */
		C619CFDE27F7C79C00349184 /* Track.m in Sources */ = {isa = PBXBuildFile; fileRef = C619CFDD27F7C79C00349184 /* Track.m */; };
		C6808DDE27F3D2FA005E8BFB /* AppDelegate.m in Sources */ = {isa = PBXBuildFile; fileRef = C6808DDD27F3D2FA005E8BFB /* AppDelegate.m */; };
		C6808DE027F3D2FB005E8BFB /* Assets.xcassets in Resources */ = {isa = PBXBuildFile; fileRef = C6808DDF27F3D2FB005E8BFB /* Assets.xcassets */; };
		C6808DE327F3D2FB005E8BFB /* MainMenu.xib in Resources */ = {isa = PBXBuildFile; fileRef = C6808DE127F3D2FB005E8BFB /* MainMenu.xib */; };
		C6808DE527F3D2FB005E8BFB /* main.m in Sources */ = {isa = PBXBuildFile; fileRef = C6808DE427F3D2FB005E8BFB /* main.m */; };
/* End PBXBuildFile section */

/* Begin PBXFileReference section */
		C619CFDC27F7C79C00349184 /* Track.h */ = {isa = PBXFileReference; lastKnownFileType = sourcecode.c.h; path = Track.h; sourceTree = "<group>"; };
		C619CFDD27F7C79C00349184 /* Track.m */ = {isa = PBXFileReference; lastKnownFileType = sourcecode.c.objc; path = Track.m; sourceTree = "<group>"; };
		C6808DD927F3D2FA005E8BFB /* cocoa-objc-test.app */ = {isa = PBXFileReference; explicitFileType = wrapper.application; includeInIndex = 0; path = "cocoa-objc-test.app"; sourceTree = BUILT_PRODUCTS_DIR; };
		C6808DDC27F3D2FA005E8BFB /* AppDelegate.h */ = {isa = PBXFileReference; lastKnownFileType = sourcecode.c.h; path = AppDelegate.h; sourceTree = "<group>"; };
		C6808DDD27F3D2FA005E8BFB /* AppDelegate.m */ = {isa = PBXFileReference; lastKnownFileType = sourcecode.c.objc; path = AppDelegate.m; sourceTree = "<group>"; };
		C6808DDF27F3D2FB005E8BFB /* Assets.xcassets */ = {isa = PBXFileReference; lastKnownFileType = folder.assetcatalog; path = Assets.xcassets; sourceTree = "<group>"; };
		C6808DE227F3D2FB005E8BFB /* Base */ = {isa = PBXFileReference; lastKnownFileType = file.xib; name = Base; path = Base.lproj/MainMenu.xib; sourceTree = "<group>"; };
		C6808DE427F3D2FB005E8BFB /* main.m */ = {isa = PBXFileReference; lastKnownFileType = sourcecode.c.objc; path = main.m; sourceTree = "<group>"; };
		C6808DE627F3D2FB005E8BFB /* cocoa_objc_test.entitlements */ = {isa = PBXFileReference; lastKnownFileType = text.plist.entitlements; path = cocoa_objc_test.entitlements; sourceTree = "<group>"; };
/* End PBXFileReference section */

/* Begin PBXFrameworksBuildPhase section */
		C6808DD627F3D2FA005E8BFB /* Frameworks */ = {
			isa = PBXFrameworksBuildPhase;
			buildActionMask = 2147483647;
			files = (
			);
			runOnlyForDeploymentPostprocessing = 0;
		};
/* End PBXFrameworksBuildPhase section */

/* Begin PBXGroup section */
		C6808DD027F3D2FA005E8BFB = {
			isa = PBXGroup;
			children = (
				C6808DDB27F3D2FA005E8BFB /* cocoa-objc-test */,
				C6808DDA27F3D2FA005E8BFB /* Products */,
			);
			sourceTree = "<group>";
		};
		C6808DDA27F3D2FA005E8BFB /* Products */ = {
			isa = PBXGroup;
			children = (
				C6808DD927F3D2FA005E8BFB /* cocoa-objc-test.app */,
			);
			name = Products;
			sourceTree = "<group>";
		};
		C6808DDB27F3D2FA005E8BFB /* cocoa-objc-test */ = {
			isa = PBXGroup;
			children = (
				C619CFDC27F7C79C00349184 /* Track.h */,
				C619CFDD27F7C79C00349184 /* Track.m */,
				C6808DDC27F3D2FA005E8BFB /* AppDelegate.h */,
				C6808DDD27F3D2FA005E8BFB /* AppDelegate.m */,
				C6808DDF27F3D2FB005E8BFB /* Assets.xcassets */,
				C6808DE127F3D2FB005E8BFB /* MainMenu.xib */,
				C6808DE427F3D2FB005E8BFB /* main.m */,
				C6808DE627F3D2FB005E8BFB /* cocoa_objc_test.entitlements */,
			);
			path = "cocoa-objc-test";
			sourceTree = "<group>";
		};
/* End PBXGroup section */

/* Begin PBXNativeTarget section */
		C6808DD827F3D2FA005E8BFB /* cocoa-objc-test */ = {
			isa = PBXNativeTarget;
			buildConfigurationList = C6808DE927F3D2FB005E8BFB /* Build configuration list for PBXNativeTarget "cocoa-objc-test" */;
			buildPhases = (
				C6808DD527F3D2FA005E8BFB /* Sources */,
				C6808DD627F3D2FA005E8BFB /* Frameworks */,
				C6808DD727F3D2FA005E8BFB /* Resources */,
			);
			buildRules = (
			);
			dependencies = (
			);
			name = "cocoa-objc-test";
			productName = "cocoa-test-real";
			productReference = C6808DD927F3D2FA005E8BFB /* cocoa-objc-test.app */;
			productType = "com.apple.product-type.application";
		};
/* End PBXNativeTarget section */

/* Begin PBXProject section */
		C6808DD127F3D2FA005E8BFB /* Project object */ = {
			isa = PBXProject;
			attributes = {
				BuildIndependentTargetsInParallel = 1;
				LastUpgradeCheck = 1330;
				TargetAttributes = {
					C6808DD827F3D2FA005E8BFB = {
						CreatedOnToolsVersion = 13.3;
					};
				};
			};
			buildConfigurationList = C6808DD427F3D2FA005E8BFB /* Build configuration list for PBXProject "cocoa-objc-test" */;
			compatibilityVersion = "Xcode 13.0";
			developmentRegion = en;
			hasScannedForEncodings = 0;
			knownRegions = (
				en,
				Base,
			);
			mainGroup = C6808DD027F3D2FA005E8BFB;
			productRefGroup = C6808DDA27F3D2FA005E8BFB /* Products */;
			projectDirPath = "";
			projectRoot = "";
			targets = (
				C6808DD827F3D2FA005E8BFB /* cocoa-objc-test */,
			);
		};
/* End PBXProject section */

/* Begin PBXResourcesBuildPhase section */
		C6808DD727F3D2FA005E8BFB /* Resources */ = {
			isa = PBXResourcesBuildPhase;
			buildActionMask = 2147483647;
			files = (
				C6808DE027F3D2FB005E8BFB /* Assets.xcassets in Resources */,
				C6808DE327F3D2FB005E8BFB /* MainMenu.xib in Resources */,
			);
			runOnlyForDeploymentPostprocessing = 0;
		};
/* End PBXResourcesBuildPhase section */

/* Begin PBXSourcesBuildPhase section */
		C6808DD527F3D2FA005E8BFB /* Sources */ = {
			isa = PBXSourcesBuildPhase;
			buildActionMask = 2147483647;
			files = (
				C619CFDE27F7C79C00349184 /* Track.m in Sources */,
				C6808DE527F3D2FB005E8BFB /* main.m in Sources */,
				C6808DDE27F3D2FA005E8BFB /* AppDelegate.m in Sources */,
			);
			runOnlyForDeploymentPostprocessing = 0;
		};
/* End PBXSourcesBuildPhase section */

/* Begin PBXVariantGroup section */
		C6808DE127F3D2FB005E8BFB /* MainMenu.xib */ = {
			isa = PBXVariantGroup;
			children = (
				C6808DE227F3D2FB005E8BFB /* Base */,
			);
			name = MainMenu.xib;
			sourceTree = "<group>";
		};
/* End PBXVariantGroup section */

/* Begin XCBuildConfiguration section */
		C6808DE727F3D2FB005E8BFB /* Debug */ = {
			isa = XCBuildConfiguration;
			buildSettings = {
				ALWAYS_SEARCH_USER_PATHS = NO;
				CLANG_ANALYZER_NONNULL = YES;
				CLANG_ANALYZER_NUMBER_OBJECT_CONVERSION = YES_AGGRESSIVE;
				CLANG_CXX_LANGUAGE_STANDARD = "gnu++17";
				CLANG_ENABLE_MODULES = YES;
				CLANG_ENABLE_OBJC_ARC = YES;
				CLANG_ENABLE_OBJC_WEAK = YES;
				CLANG_WARN_BLOCK_CAPTURE_AUTORELEASING = YES;
				CLANG_WARN_BOOL_CONVERSION = YES;
				CLANG_WARN_COMMA = YES;
				CLANG_WARN_CONSTANT_CONVERSION = YES;
				CLANG_WARN_DEPRECATED_OBJC_IMPLEMENTATIONS = YES;
				CLANG_WARN_DIRECT_OBJC_ISA_USAGE = YES_ERROR;
				CLANG_WARN_DOCUMENTATION_COMMENTS = YES;
				CLANG_WARN_EMPTY_BODY = YES;
				CLANG_WARN_ENUM_CONVERSION = YES;
				CLANG_WARN_INFINITE_RECURSION = YES;
				CLANG_WARN_INT_CONVERSION = YES;
				CLANG_WARN_NON_LITERAL_NULL_CONVERSION = YES;
				CLANG_WARN_OBJC_IMPLICIT_RETAIN_SELF = YES;
				CLANG_WARN_OBJC_LITERAL_CONVERSION = YES;
				CLANG_WARN_OBJC_ROOT_CLASS = YES_ERROR;
				CLANG_WARN_QUOTED_INCLUDE_IN_FRAMEWORK_HEADER = YES;
				CLANG_WARN_RANGE_LOOP_ANALYSIS = YES;
				CLANG_WARN_STRICT_PROTOTYPES = YES;
				CLANG_WARN_SUSPICIOUS_MOVE = YES;
				CLANG_WARN_UNGUARDED_AVAILABILITY = YES_AGGRESSIVE;
				CLANG_WARN_UNREACHABLE_CODE = YES;
				CLANG_WARN__DUPLICATE_METHOD_MATCH = YES;
				COPY_PHASE_STRIP = NO;
				DEBUG_INFORMATION_FORMAT = dwarf;
				ENABLE_STRICT_OBJC_MSGSEND = YES;
				ENABLE_TESTABILITY = YES;
				GCC_C_LANGUAGE_STANDARD = gnu11;
				GCC_DYNAMIC_NO_PIC = NO;
				GCC_NO_COMMON_BLOCKS = YES;
				GCC_OPTIMIZATION_LEVEL = 0;
				GCC_PREPROCESSOR_DEFINITIONS = (
					"DEBUG=1",
					"$(inherited)",
				);
				GCC_WARN_64_TO_32_BIT_CONVERSION = YES;
				GCC_WARN_ABOUT_RETURN_TYPE = YES_ERROR;
				GCC_WARN_UNDECLARED_SELECTOR = YES;
				GCC_WARN_UNINITIALIZED_AUTOS = YES_AGGRESSIVE;
				GCC_WARN_UNUSED_FUNCTION = YES;
				GCC_WARN_UNUSED_VARIABLE = YES;
				MACOSX_DEPLOYMENT_TARGET = 12.2;
				MTL_ENABLE_DEBUG_INFO = INCLUDE_SOURCE;
				MTL_FAST_MATH = YES;
				ONLY_ACTIVE_ARCH = YES;
				SDKROOT = macosx;
			};
			name = Debug;
		};
		C6808DE827F3D2FB005E8BFB /* Release */ = {
			isa = XCBuildConfiguration;
			buildSettings = {
				ALWAYS_SEARCH_USER_PATHS = NO;
				CLANG_ANALYZER_NONNULL = YES;
				CLANG_ANALYZER_NUMBER_OBJECT_CONVERSION = YES_AGGRESSIVE;
				CLANG_CXX_LANGUAGE_STANDARD = "gnu++17";
				CLANG_ENABLE_MODULES = YES;
				CLANG_ENABLE_OBJC_ARC = YES;
				CLANG_ENABLE_OBJC_WEAK = YES;
				CLANG_WARN_BLOCK_CAPTURE_AUTORELEASING = YES;
				CLANG_WARN_BOOL_CONVERSION = YES;
				CLANG_WARN_COMMA = YES;
				CLANG_WARN_CONSTANT_CONVERSION = YES;
				CLANG_WARN_DEPRECATED_OBJC_IMPLEMENTATIONS = YES;
				CLANG_WARN_DIRECT_OBJC_ISA_USAGE = YES_ERROR;
				CLANG_WARN_DOCUMENTATION_COMMENTS = YES;
				CLANG_WARN_EMPTY_BODY = YES;
				CLANG_WARN_ENUM_CONVERSION = YES;
				CLANG_WARN_INFINITE_RECURSION = YES;
				CLANG_WARN_INT_CONVERSION = YES;
				CLANG_WARN_NON_LITERAL_NULL_CONVERSION = YES;
				CLANG_WARN_OBJC_IMPLICIT_RETAIN_SELF = YES;
				CLANG_WARN_OBJC_LITERAL_CONVERSION = YES;
				CLANG_WARN_OBJC_ROOT_CLASS = YES_ERROR;
				CLANG_WARN_QUOTED_INCLUDE_IN_FRAMEWORK_HEADER = YES;
				CLANG_WARN_RANGE_LOOP_ANALYSIS = YES;
				CLANG_WARN_STRICT_PROTOTYPES = YES;
				CLANG_WARN_SUSPICIOUS_MOVE = YES;
				CLANG_WARN_UNGUARDED_AVAILABILITY = YES_AGGRESSIVE;
				CLANG_WARN_UNREACHABLE_CODE = YES;
				CLANG_WARN__DUPLICATE_METHOD_MATCH = YES;
				COPY_PHASE_STRIP = NO;
				DEBUG_INFORMATION_FORMAT = "dwarf-with-dsym";
				ENABLE_NS_ASSERTIONS = NO;
				ENABLE_STRICT_OBJC_MSGSEND = YES;
				GCC_C_LANGUAGE_STANDARD = gnu11;
				GCC_NO_COMMON_BLOCKS = YES;
				GCC_WARN_64_TO_32_BIT_CONVERSION = YES;
				GCC_WARN_ABOUT_RETURN_TYPE = YES_ERROR;
				GCC_WARN_UNDECLARED_SELECTOR = YES;
				GCC_WARN_UNINITIALIZED_AUTOS = YES_AGGRESSIVE;
				GCC_WARN_UNUSED_FUNCTION = YES;
				GCC_WARN_UNUSED_VARIABLE = YES;
				MACOSX_DEPLOYMENT_TARGET = 12.2;
				MTL_ENABLE_DEBUG_INFO = NO;
				MTL_FAST_MATH = YES;
				SDKROOT = macosx;
			};
			name = Release;
		};
		C6808DEA27F3D2FB005E8BFB /* Debug */ = {
			isa = XCBuildConfiguration;
			buildSettings = {
				ASSETCATALOG_COMPILER_APPICON_NAME = AppIcon;
				ASSETCATALOG_COMPILER_GLOBAL_ACCENT_COLOR_NAME = AccentColor;
				CODE_SIGN_ENTITLEMENTS = "cocoa-objc-test/cocoa_objc_test.entitlements";
				CODE_SIGN_STYLE = Automatic;
				COMBINE_HIDPI_IMAGES = YES;
				CURRENT_PROJECT_VERSION = 1;
				GENERATE_INFOPLIST_FILE = YES;
				INFOPLIST_KEY_NSHumanReadableCopyright = "";
				INFOPLIST_KEY_NSMainNibFile = MainMenu;
				INFOPLIST_KEY_NSPrincipalClass = NSApplication;
				LD_RUNPATH_SEARCH_PATHS = (
					"$(inherited)",
					"@executable_path/../Frameworks",
				);
				MARKETING_VERSION = 1.0;
				PRODUCT_BUNDLE_IDENTIFIER = "lowfront.cocoa-objc-test";
				PRODUCT_NAME = "$(TARGET_NAME)";
				SWIFT_EMIT_LOC_STRINGS = YES;
			};
			name = Debug;
		};
		C6808DEB27F3D2FB005E8BFB /* Release */ = {
			isa = XCBuildConfiguration;
			buildSettings = {
				ASSETCATALOG_COMPILER_APPICON_NAME = AppIcon;
				ASSETCATALOG_COMPILER_GLOBAL_ACCENT_COLOR_NAME = AccentColor;
				CODE_SIGN_ENTITLEMENTS = "cocoa-objc-test/cocoa_objc_test.entitlements";
				CODE_SIGN_STYLE = Automatic;
				COMBINE_HIDPI_IMAGES = YES;
				CURRENT_PROJECT_VERSION = 1;
				GENERATE_INFOPLIST_FILE = YES;
				INFOPLIST_KEY_NSHumanReadableCopyright = "";
				INFOPLIST_KEY_NSMainNibFile = MainMenu;
				INFOPLIST_KEY_NSPrincipalClass = NSApplication;
				LD_RUNPATH_SEARCH_PATHS = (
					"$(inherited)",
					"@executable_path/../Frameworks",
				);
				MARKETING_VERSION = 1.0;
				PRODUCT_BUNDLE_IDENTIFIER = "lowfront.cocoa-objc-test";
				PRODUCT_NAME = "$(TARGET_NAME)";
				SWIFT_EMIT_LOC_STRINGS = YES;
			};
			name = Release;
		};
/* End XCBuildConfiguration section */

/* Begin XCConfigurationList section */
		C6808DD427F3D2FA005E8BFB /* Build configuration list for PBXProject "cocoa-objc-test" */ = {
			isa = XCConfigurationList;
			buildConfigurations = (
				C6808DE727F3D2FB005E8BFB /* Debug */,
				C6808DE827F3D2FB005E8BFB /* Release */,
			);
			defaultConfigurationIsVisible = 0;
			defaultConfigurationName = Release;
		};
		C6808DE927F3D2FB005E8BFB /* Build configuration list for PBXNativeTarget "cocoa-objc-test" */ = {
			isa = XCConfigurationList;
			buildConfigurations = (
				C6808DEA27F3D2FB005E8BFB /* Debug */,
				C6808DEB27F3D2FB005E8BFB /* Release */,
			);
			defaultConfigurationIsVisible = 0;
			defaultConfigurationName = Release;
		};
/* End XCConfigurationList section */
	};
	rootObject = C6808DD127F3D2FA005E8BFB /* Project object */;
}
